
Microsoft Visual Studio Solution File, Format Version 12.00
# Visual Studio 14
VisualStudioVersion = 14.0.25123.0
MinimumVisualStudioVersion = 10.0.40219.1
Project("{FAE04EC0-301F-11D3-BF4B-00C04F79EFBC}") = "myopia.Domain", "myopia.Domain\myopia.Domain.csproj", "{A5B546BC-B765-4FD7-8000-5536B609F59E}"
EndProject
Project("{FAE04EC0-301F-11D3-BF4B-00C04F79EFBC}") = "myopia.Common", "myopia.Common\myopia.Common.csproj", "{FC3C6F0A-F6C6-4988-B64C-A479EBF1BF5A}"
EndProject
Project("{FAE04EC0-301F-11D3-BF4B-00C04F79EFBC}") = "myopia.Infraestructure", "myopia.Infraestructure\myopia.Infraestructure.csproj", "{5B844E8A-799C-4913-A3AD-CB93AD32E5BF}"
EndProject
Global
	GlobalSection(SolutionConfigurationPlatforms) = preSolution
		Debug|Any CPU = Debug|Any CPU
		Release|Any CPU = Release|Any CPU
	EndGlobalSection
	GlobalSection(ProjectConfigurationPlatforms) = postSolution
		{A5B546BC-B765-4FD7-8000-5536B609F59E}.Debug|Any CPU.ActiveCfg = Debug|Any CPU
		{A5B546BC-B765-4FD7-8000-5536B609F59E}.Debug|Any CPU.Build.0 = Debug|Any CPU
		{A5B546BC-B765-4FD7-8000-5536B609F59E}.Release|Any CPU.ActiveCfg = Release|Any CPU
		{A5B546BC-B765-4FD7-8000-5536B609F59E}.Release|Any CPU.Build.0 = Release|Any CPU
		{FC3C6F0A-F6C6-4988-B64C-A479EBF1BF5A}.Debug|Any CPU.ActiveCfg = Debug|Any CPU
		{FC3C6F0A-F6C6-4988-B64C-A479EBF1BF5A}.Debug|Any CPU.Build.0 = Debug|Any CPU
		{FC3C6F0A-F6C6-4988-B64C-A479EBF1BF5A}.Release|Any CPU.ActiveCfg = Release|Any CPU
		{FC3C6F0A-F6C6-4988-B64C-A479EBF1BF5A}.Release|Any CPU.Build.0 = Release|Any CPU
		{5B844E8A-799C-4913-A3AD-CB93AD32E5BF}.Debug|Any CPU.ActiveCfg = Debug|Any CPU
		{5B844E8A-799C-4913-A3AD-CB93AD32E5BF}.Debug|Any CPU.Build.0 = Debug|Any CPU
		{5B844E8A-799C-4913-A3AD-CB93AD32E5BF}.Release|Any CPU.ActiveCfg = Release|Any CPU
		{5B844E8A-799C-4913-A3AD-CB93AD32E5BF}.Release|Any CPU.Build.0 = Release|Any CPU
	EndGlobalSection
	GlobalSection(SolutionProperties) = preSolution
		HideSolutionNode = FALSE
	EndGlobalSection
EndGlobal
